schema: '2.0'
stages:
  prepare:
    cmd: python src/preprocessing.py
    deps:
    - path: data/boston.csv
      hash: md5
      md5: 578a5ce1821b5899262b970fffeae055
      size: 41359
    - path: src/preprocessing.py
      hash: md5
      md5: 7017b5f52e5c29d78f8f8ee01e63a6a6
      size: 1941
    outs:
    - path: data/X_test.parquet
      hash: md5
      md5: 1725d485c891ed0e0481ef0d5ac6c521
      size: 15801
    - path: data/X_test_pca.parquet
      hash: md5
      md5: beebe6b9142efff82e9e21398bb7d337
      size: 14545
    - path: data/X_train.parquet
      hash: md5
      md5: 4a408b8447c8d00cad69eebb597e0ca1
      size: 25656
    - path: data/X_train_pca.parquet
      hash: md5
      md5: f8ba718112588fa63c3e2332154ba5d9
      size: 31324
    - path: data/X_val.parquet
      hash: md5
      md5: cb9758f09ab6926e6b6bb6b92aeb8fb8
      size: 15883
    - path: data/X_val_pca.parquet
      hash: md5
      md5: 9d81318b45d8c2b5daf031b785ebebae
      size: 14473
    - path: data/y_test.parquet
      hash: md5
      md5: 0230121c811cfb7822df3ab18c422346
      size: 3227
    - path: data/y_train.parquet
      hash: md5
      md5: f1fbe19aabc2424ab6d1786a5ae5d477
      size: 4870
    - path: data/y_val.parquet
      hash: md5
      md5: 34eef4ee4c0233ee35ec058c9baaaaf3
      size: 3232
